// !$*UTF8*$!
{
	archiveVersion = 1;
	classes = {
	};
	objectVersion = 46;
	objects = {

/* Begin PBXBuildFile section */
		0283E2B618D66AB6007173FA /* CFNetwork.framework in Frameworks */ = {isa = PBXBuildFile; fileRef = 0283E2AE18D66AB6007173FA /* CFNetwork.framework */; };
		0283E2B918D66AB6007173FA /* MobileCoreServices.framework in Frameworks */ = {isa = PBXBuildFile; fileRef = 0283E2B118D66AB6007173FA /* MobileCoreServices.framework */; };
		0283E2BB18D66AB6007173FA /* Security.framework in Frameworks */ = {isa = PBXBuildFile; fileRef = 0283E2B318D66AB6007173FA /* Security.framework */; };
		028F57CF18D66FA300372167 /* Parse.framework in Frameworks */ = {isa = PBXBuildFile; fileRef = 0283E2AB18D6694B007173FA /* Parse.framework */; };
		028F57D018D670BB00372167 /* Parse.framework in Frameworks */ = {isa = PBXBuildFile; fileRef = 0283E2AB18D6694B007173FA /* Parse.framework */; };
		550C80F6195371B600716D25 /* Link.m in Sources */ = {isa = PBXBuildFile; fileRef = 550C80F5195371B600716D25 /* Link.m */; };
		550C80F9195371B700716D25 /* DiscoveredBusiness.m in Sources */ = {isa = PBXBuildFile; fileRef = 550C80F8195371B700716D25 /* DiscoveredBusiness.m */; };
		550C80FC195371B700716D25 /* Like.m in Sources */ = {isa = PBXBuildFile; fileRef = 550C80FB195371B700716D25 /* Like.m */; };
		550C80FF195371B700716D25 /* TagConnection.m in Sources */ = {isa = PBXBuildFile; fileRef = 550C80FE195371B700716D25 /* TagConnection.m */; };
		550C8102195371B700716D25 /* User.m in Sources */ = {isa = PBXBuildFile; fileRef = 550C8101195371B700716D25 /* User.m */; };
		550C8105195371B700716D25 /* Business.m in Sources */ = {isa = PBXBuildFile; fileRef = 550C8104195371B700716D25 /* Business.m */; };
		550C8108195371B700716D25 /* Featured.m in Sources */ = {isa = PBXBuildFile; fileRef = 550C8107195371B700716D25 /* Featured.m */; };
		550C810B195371B700716D25 /* TagSet.m in Sources */ = {isa = PBXBuildFile; fileRef = 550C810A195371B700716D25 /* TagSet.m */; };
		550C810E195371B700716D25 /* Statistics.m in Sources */ = {isa = PBXBuildFile; fileRef = 550C810D195371B700716D25 /* Statistics.m */; };
		550C8111195371B700716D25 /* Tag.m in Sources */ = {isa = PBXBuildFile; fileRef = 550C8110195371B700716D25 /* Tag.m */; };
		55101D3C18D81ADE0074B4D2 /* SignModel.xcdatamodeld in Sources */ = {isa = PBXBuildFile; fileRef = 55101D3A18D81ADE0074B4D2 /* SignModel.xcdatamodeld */; };
		55101D3E18D823ED0074B4D2 /* CoreData.framework in Frameworks */ = {isa = PBXBuildFile; fileRef = 55101D3D18D823ED0074B4D2 /* CoreData.framework */; };
		5557BB161931BB1D00B256FF /* TableTimestamp.m in Sources */ = {isa = PBXBuildFile; fileRef = 5557BB151931BB1D00B256FF /* TableTimestamp.m */; };
		55692CF61952A98200DE60F7 /* BusinessCell.m in Sources */ = {isa = PBXBuildFile; fileRef = 55692CF41952A98200DE60F7 /* BusinessCell.m */; };
		55692CF71952A98200DE60F7 /* BusinessCell.xib in Resources */ = {isa = PBXBuildFile; fileRef = 55692CF51952A98200DE60F7 /* BusinessCell.xib */; };
		5575AAEB19569EB400344313 /* Relevancy.m in Sources */ = {isa = PBXBuildFile; fileRef = 5575AAEA19569EB400344313 /* Relevancy.m */; };
		559A426D19529B34007D0D66 /* BusinessListController.m in Sources */ = {isa = PBXBuildFile; fileRef = 559A426C19529B34007D0D66 /* BusinessListController.m */; };
		559A427319529F46007D0D66 /* ProfileController.m in Sources */ = {isa = PBXBuildFile; fileRef = 559A427219529F46007D0D66 /* ProfileController.m */; };
		55A5A06F193FCE2A00DDF688 /* WelcomeScreenViewController.m in Sources */ = {isa = PBXBuildFile; fileRef = 55A5A06E193FCE2A00DDF688 /* WelcomeScreenViewController.m */; };
		55A5A072193FCE6400DDF688 /* TutorialViewController.m in Sources */ = {isa = PBXBuildFile; fileRef = 55A5A071193FCE6400DDF688 /* TutorialViewController.m */; };
		55B4AFFA193A484400C5A71B /* CustomScrollView.m in Sources */ = {isa = PBXBuildFile; fileRef = 55B4AFF9193A484400C5A71B /* CustomScrollView.m */; };
		55B746EB18DCAECA00F61354 /* Model.m in Sources */ = {isa = PBXBuildFile; fileRef = 55B746EA18DCAECA00F61354 /* Model.m */; };
		55C75A64194E80440051A0EF /* FacebookSDK.framework in Frameworks */ = {isa = PBXBuildFile; fileRef = 55C75A63194E80440051A0EF /* FacebookSDK.framework */; };
		55C75A66194E866B0051A0EF /* Social.framework in Frameworks */ = {isa = PBXBuildFile; fileRef = 55C75A65194E866B0051A0EF /* Social.framework */; };
		55C75A68194E86920051A0EF /* Accounts.framework in Frameworks */ = {isa = PBXBuildFile; fileRef = 55C75A67194E86920051A0EF /* Accounts.framework */; };
		55E15FE3191A062B00A8B826 /* InsightEngine.m in Sources */ = {isa = PBXBuildFile; fileRef = 55E15FE2191A062B00A8B826 /* InsightEngine.m */; };
		55EC54E31950FE16009494E4 /* FeedCell.m in Sources */ = {isa = PBXBuildFile; fileRef = 55EC54E11950FE16009494E4 /* FeedCell.m */; };
		55EC54E41950FE16009494E4 /* FeedCell.xib in Resources */ = {isa = PBXBuildFile; fileRef = 55EC54E21950FE16009494E4 /* FeedCell.xib */; };
		55EC54E8195160A5009494E4 /* FeedController.m in Sources */ = {isa = PBXBuildFile; fileRef = 55EC54E7195160A5009494E4 /* FeedController.m */; };
		55EC54EE195175BF009494E4 /* LoginController.m in Sources */ = {isa = PBXBuildFile; fileRef = 55EC54ED195175BF009494E4 /* LoginController.m */; };
		55EE37B318B7057C002A121C /* Foundation.framework in Frameworks */ = {isa = PBXBuildFile; fileRef = 55EE37B218B7057C002A121C /* Foundation.framework */; };
		55EE37BD18B7057C002A121C /* InfoPlist.strings in Resources */ = {isa = PBXBuildFile; fileRef = 55EE37BB18B7057C002A121C /* InfoPlist.strings */; };
		55EE37BF18B7057C002A121C /* main.m in Sources */ = {isa = PBXBuildFile; fileRef = 55EE37BE18B7057C002A121C /* main.m */; };
		55EE37C318B7057C002A121C /* AppDelegate.m in Sources */ = {isa = PBXBuildFile; fileRef = 55EE37C218B7057C002A121C /* AppDelegate.m */; };
		55EE37C618B7057C002A121C /* Main.storyboard in Resources */ = {isa = PBXBuildFile; fileRef = 55EE37C418B7057C002A121C /* Main.storyboard */; };
		55EE37CB18B7057C002A121C /* Images.xcassets in Resources */ = {isa = PBXBuildFile; fileRef = 55EE37CA18B7057C002A121C /* Images.xcassets */; };
		55EE37D218B7057C002A121C /* XCTest.framework in Frameworks */ = {isa = PBXBuildFile; fileRef = 55EE37D118B7057C002A121C /* XCTest.framework */; };
		55EE37D318B7057C002A121C /* Foundation.framework in Frameworks */ = {isa = PBXBuildFile; fileRef = 55EE37B218B7057C002A121C /* Foundation.framework */; };
		55EE37D418B7057C002A121C /* UIKit.framework in Frameworks */ = {isa = PBXBuildFile; fileRef = 55EE37B618B7057C002A121C /* UIKit.framework */; };
		55EE37DC18B7057C002A121C /* InfoPlist.strings in Resources */ = {isa = PBXBuildFile; fileRef = 55EE37DA18B7057C002A121C /* InfoPlist.strings */; };
		55EE37DE18B7057C002A121C /* TheSignTests.m in Sources */ = {isa = PBXBuildFile; fileRef = 55EE37DD18B7057C002A121C /* TheSignTests.m */; };
		55EE37F518B88326002A121C /* SystemConfiguration.framework in Frameworks */ = {isa = PBXBuildFile; fileRef = 55EE37F418B88326002A121C /* SystemConfiguration.framework */; };
/* End PBXBuildFile section */

/* Begin PBXContainerItemProxy section */
		55EE37D518B7057C002A121C /* PBXContainerItemProxy */ = {
			isa = PBXContainerItemProxy;
			containerPortal = 55EE37A718B7057C002A121C /* Project object */;
			proxyType = 1;
			remoteGlobalIDString = 55EE37AE18B7057C002A121C;
			remoteInfo = TheSign;
		};
/* End PBXContainerItemProxy section */

/* Begin PBXFileReference section */
		0283E2AB18D6694B007173FA /* Parse.framework */ = {isa = PBXFileReference; lastKnownFileType = wrapper.framework; name = Parse.framework; path = TheSign/Frameworks/Parse.framework; sourceTree = "<group>"; };
		0283E2AD18D66AB6007173FA /* AudioToolbox.framework */ = {isa = PBXFileReference; lastKnownFileType = wrapper.framework; name = AudioToolbox.framework; path = System/Library/Frameworks/AudioToolbox.framework; sourceTree = SDKROOT; };
		0283E2AE18D66AB6007173FA /* CFNetwork.framework */ = {isa = PBXFileReference; lastKnownFileType = wrapper.framework; name = CFNetwork.framework; path = System/Library/Frameworks/CFNetwork.framework; sourceTree = SDKROOT; };
		0283E2AF18D66AB6007173FA /* CoreLocation.framework */ = {isa = PBXFileReference; lastKnownFileType = wrapper.framework; name = CoreLocation.framework; path = System/Library/Frameworks/CoreLocation.framework; sourceTree = SDKROOT; };
		0283E2B018D66AB6007173FA /* libz.dylib */ = {isa = PBXFileReference; lastKnownFileType = "compiled.mach-o.dylib"; name = libz.dylib; path = usr/lib/libz.dylib; sourceTree = SDKROOT; };
		0283E2B118D66AB6007173FA /* MobileCoreServices.framework */ = {isa = PBXFileReference; lastKnownFileType = wrapper.framework; name = MobileCoreServices.framework; path = System/Library/Frameworks/MobileCoreServices.framework; sourceTree = SDKROOT; };
		0283E2B218D66AB6007173FA /* QuartzCore.framework */ = {isa = PBXFileReference; lastKnownFileType = wrapper.framework; name = QuartzCore.framework; path = System/Library/Frameworks/QuartzCore.framework; sourceTree = SDKROOT; };
		0283E2B318D66AB6007173FA /* Security.framework */ = {isa = PBXFileReference; lastKnownFileType = wrapper.framework; name = Security.framework; path = System/Library/Frameworks/Security.framework; sourceTree = SDKROOT; };
		550C80F4195371B600716D25 /* Link.h */ = {isa = PBXFileReference; fileEncoding = 4; lastKnownFileType = sourcecode.c.h; name = Link.h; path = model/Link.h; sourceTree = "<group>"; };
		550C80F5195371B600716D25 /* Link.m */ = {isa = PBXFileReference; fileEncoding = 4; lastKnownFileType = sourcecode.c.objc; name = Link.m; path = model/Link.m; sourceTree = "<group>"; };
		550C80F7195371B700716D25 /* DiscoveredBusiness.h */ = {isa = PBXFileReference; fileEncoding = 4; lastKnownFileType = sourcecode.c.h; name = DiscoveredBusiness.h; path = model/DiscoveredBusiness.h; sourceTree = "<group>"; };
		550C80F8195371B700716D25 /* DiscoveredBusiness.m */ = {isa = PBXFileReference; fileEncoding = 4; lastKnownFileType = sourcecode.c.objc; name = DiscoveredBusiness.m; path = model/DiscoveredBusiness.m; sourceTree = "<group>"; };
		550C80FA195371B700716D25 /* Like.h */ = {isa = PBXFileReference; fileEncoding = 4; lastKnownFileType = sourcecode.c.h; name = Like.h; path = model/Like.h; sourceTree = "<group>"; };
		550C80FB195371B700716D25 /* Like.m */ = {isa = PBXFileReference; fileEncoding = 4; lastKnownFileType = sourcecode.c.objc; name = Like.m; path = model/Like.m; sourceTree = "<group>"; };
		550C80FD195371B700716D25 /* TagConnection.h */ = {isa = PBXFileReference; fileEncoding = 4; lastKnownFileType = sourcecode.c.h; name = TagConnection.h; path = model/TagConnection.h; sourceTree = "<group>"; };
		550C80FE195371B700716D25 /* TagConnection.m */ = {isa = PBXFileReference; fileEncoding = 4; lastKnownFileType = sourcecode.c.objc; name = TagConnection.m; path = model/TagConnection.m; sourceTree = "<group>"; };
		550C8100195371B700716D25 /* User.h */ = {isa = PBXFileReference; fileEncoding = 4; lastKnownFileType = sourcecode.c.h; name = User.h; path = model/User.h; sourceTree = "<group>"; };
		550C8101195371B700716D25 /* User.m */ = {isa = PBXFileReference; fileEncoding = 4; lastKnownFileType = sourcecode.c.objc; name = User.m; path = model/User.m; sourceTree = "<group>"; };
		550C8103195371B700716D25 /* Business.h */ = {isa = PBXFileReference; fileEncoding = 4; lastKnownFileType = sourcecode.c.h; name = Business.h; path = model/Business.h; sourceTree = "<group>"; };
		550C8104195371B700716D25 /* Business.m */ = {isa = PBXFileReference; fileEncoding = 4; lastKnownFileType = sourcecode.c.objc; name = Business.m; path = model/Business.m; sourceTree = "<group>"; };
		550C8106195371B700716D25 /* Featured.h */ = {isa = PBXFileReference; fileEncoding = 4; lastKnownFileType = sourcecode.c.h; name = Featured.h; path = model/Featured.h; sourceTree = "<group>"; };
		550C8107195371B700716D25 /* Featured.m */ = {isa = PBXFileReference; fileEncoding = 4; lastKnownFileType = sourcecode.c.objc; name = Featured.m; path = model/Featured.m; sourceTree = "<group>"; };
		550C8109195371B700716D25 /* TagSet.h */ = {isa = PBXFileReference; fileEncoding = 4; lastKnownFileType = sourcecode.c.h; name = TagSet.h; path = model/TagSet.h; sourceTree = "<group>"; };
		550C810A195371B700716D25 /* TagSet.m */ = {isa = PBXFileReference; fileEncoding = 4; lastKnownFileType = sourcecode.c.objc; name = TagSet.m; path = model/TagSet.m; sourceTree = "<group>"; };
		550C810C195371B700716D25 /* Statistics.h */ = {isa = PBXFileReference; fileEncoding = 4; lastKnownFileType = sourcecode.c.h; name = Statistics.h; path = model/Statistics.h; sourceTree = "<group>"; };
		550C810D195371B700716D25 /* Statistics.m */ = {isa = PBXFileReference; fileEncoding = 4; lastKnownFileType = sourcecode.c.objc; name = Statistics.m; path = model/Statistics.m; sourceTree = "<group>"; };
		550C810F195371B700716D25 /* Tag.h */ = {isa = PBXFileReference; fileEncoding = 4; lastKnownFileType = sourcecode.c.h; name = Tag.h; path = model/Tag.h; sourceTree = "<group>"; };
		550C8110195371B700716D25 /* Tag.m */ = {isa = PBXFileReference; fileEncoding = 4; lastKnownFileType = sourcecode.c.objc; name = Tag.m; path = model/Tag.m; sourceTree = "<group>"; };
		55101D3B18D81ADE0074B4D2 /* SignModel.xcdatamodel */ = {isa = PBXFileReference; lastKnownFileType = wrapper.xcdatamodel; path = SignModel.xcdatamodel; sourceTree = "<group>"; };
		55101D3D18D823ED0074B4D2 /* CoreData.framework */ = {isa = PBXFileReference; lastKnownFileType = wrapper.framework; name = CoreData.framework; path = System/Library/Frameworks/CoreData.framework; sourceTree = SDKROOT; };
		5557BB141931BB1D00B256FF /* TableTimestamp.h */ = {isa = PBXFileReference; fileEncoding = 4; lastKnownFileType = sourcecode.c.h; name = TableTimestamp.h; path = model/TableTimestamp.h; sourceTree = "<group>"; };
		5557BB151931BB1D00B256FF /* TableTimestamp.m */ = {isa = PBXFileReference; fileEncoding = 4; lastKnownFileType = sourcecode.c.objc; name = TableTimestamp.m; path = model/TableTimestamp.m; sourceTree = "<group>"; };
		5557BB1A1931C28700B256FF /* SignEntityProtocol.h */ = {isa = PBXFileReference; lastKnownFileType = sourcecode.c.h; path = SignEntityProtocol.h; sourceTree = "<group>"; };
		55692CF31952A98200DE60F7 /* BusinessCell.h */ = {isa = PBXFileReference; fileEncoding = 4; lastKnownFileType = sourcecode.c.h; name = BusinessCell.h; path = Controller/BusinessCell.h; sourceTree = "<group>"; };
		55692CF41952A98200DE60F7 /* BusinessCell.m */ = {isa = PBXFileReference; fileEncoding = 4; lastKnownFileType = sourcecode.c.objc; name = BusinessCell.m; path = Controller/BusinessCell.m; sourceTree = "<group>"; };
		55692CF51952A98200DE60F7 /* BusinessCell.xib */ = {isa = PBXFileReference; fileEncoding = 4; lastKnownFileType = file.xib; name = BusinessCell.xib; path = Controller/BusinessCell.xib; sourceTree = "<group>"; };
		5575AAE919569EB400344313 /* Relevancy.h */ = {isa = PBXFileReference; fileEncoding = 4; lastKnownFileType = sourcecode.c.h; name = Relevancy.h; path = model/Relevancy.h; sourceTree = "<group>"; };
		5575AAEA19569EB400344313 /* Relevancy.m */ = {isa = PBXFileReference; fileEncoding = 4; lastKnownFileType = sourcecode.c.objc; name = Relevancy.m; path = model/Relevancy.m; sourceTree = "<group>"; };
		559A426B19529B34007D0D66 /* BusinessListController.h */ = {isa = PBXFileReference; fileEncoding = 4; lastKnownFileType = sourcecode.c.h; name = BusinessListController.h; path = Controller/BusinessListController.h; sourceTree = "<group>"; };
		559A426C19529B34007D0D66 /* BusinessListController.m */ = {isa = PBXFileReference; fileEncoding = 4; lastKnownFileType = sourcecode.c.objc; name = BusinessListController.m; path = Controller/BusinessListController.m; sourceTree = "<group>"; };
		559A427119529F46007D0D66 /* ProfileController.h */ = {isa = PBXFileReference; fileEncoding = 4; lastKnownFileType = sourcecode.c.h; name = ProfileController.h; path = Controller/ProfileController.h; sourceTree = "<group>"; };
		559A427219529F46007D0D66 /* ProfileController.m */ = {isa = PBXFileReference; fileEncoding = 4; lastKnownFileType = sourcecode.c.objc; name = ProfileController.m; path = Controller/ProfileController.m; sourceTree = "<group>"; };
		55A5A06D193FCE2A00DDF688 /* WelcomeScreenViewController.h */ = {isa = PBXFileReference; fileEncoding = 4; lastKnownFileType = sourcecode.c.h; name = WelcomeScreenViewController.h; path = Controller/WelcomeScreenViewController.h; sourceTree = "<group>"; };
		55A5A06E193FCE2A00DDF688 /* WelcomeScreenViewController.m */ = {isa = PBXFileReference; fileEncoding = 4; lastKnownFileType = sourcecode.c.objc; name = WelcomeScreenViewController.m; path = Controller/WelcomeScreenViewController.m; sourceTree = "<group>"; };
		55A5A070193FCE6400DDF688 /* TutorialViewController.h */ = {isa = PBXFileReference; fileEncoding = 4; lastKnownFileType = sourcecode.c.h; name = TutorialViewController.h; path = Controller/TutorialViewController.h; sourceTree = "<group>"; };
		55A5A071193FCE6400DDF688 /* TutorialViewController.m */ = {isa = PBXFileReference; fileEncoding = 4; lastKnownFileType = sourcecode.c.objc; name = TutorialViewController.m; path = Controller/TutorialViewController.m; sourceTree = "<group>"; };
		55B4AFF8193A484400C5A71B /* CustomScrollView.h */ = {isa = PBXFileReference; fileEncoding = 4; lastKnownFileType = sourcecode.c.h; path = CustomScrollView.h; sourceTree = "<group>"; };
		55B4AFF9193A484400C5A71B /* CustomScrollView.m */ = {isa = PBXFileReference; fileEncoding = 4; lastKnownFileType = sourcecode.c.objc; path = CustomScrollView.m; sourceTree = "<group>"; };
		55B746E918DCAECA00F61354 /* Model.h */ = {isa = PBXFileReference; fileEncoding = 4; lastKnownFileType = sourcecode.c.h; path = Model.h; sourceTree = "<group>"; };
		55B746EA18DCAECA00F61354 /* Model.m */ = {isa = PBXFileReference; fileEncoding = 4; lastKnownFileType = sourcecode.c.objc; path = Model.m; sourceTree = "<group>"; };
		55C75A63194E80440051A0EF /* FacebookSDK.framework */ = {isa = PBXFileReference; lastKnownFileType = wrapper.framework; name = FacebookSDK.framework; path = TheSign/Frameworks/FacebookSDK.framework; sourceTree = "<group>"; };
		55C75A65194E866B0051A0EF /* Social.framework */ = {isa = PBXFileReference; lastKnownFileType = wrapper.framework; name = Social.framework; path = System/Library/Frameworks/Social.framework; sourceTree = SDKROOT; };
		55C75A67194E86920051A0EF /* Accounts.framework */ = {isa = PBXFileReference; lastKnownFileType = wrapper.framework; name = Accounts.framework; path = System/Library/Frameworks/Accounts.framework; sourceTree = SDKROOT; };
		55E15FE1191A062B00A8B826 /* InsightEngine.h */ = {isa = PBXFileReference; fileEncoding = 4; lastKnownFileType = sourcecode.c.h; path = InsightEngine.h; sourceTree = "<group>"; };
		55E15FE2191A062B00A8B826 /* InsightEngine.m */ = {isa = PBXFileReference; fileEncoding = 4; lastKnownFileType = sourcecode.c.objc; path = InsightEngine.m; sourceTree = "<group>"; };
		55EC54E01950FE16009494E4 /* FeedCell.h */ = {isa = PBXFileReference; fileEncoding = 4; lastKnownFileType = sourcecode.c.h; name = FeedCell.h; path = Controller/FeedCell.h; sourceTree = "<group>"; };
		55EC54E11950FE16009494E4 /* FeedCell.m */ = {isa = PBXFileReference; fileEncoding = 4; lastKnownFileType = sourcecode.c.objc; name = FeedCell.m; path = Controller/FeedCell.m; sourceTree = "<group>"; };
		55EC54E21950FE16009494E4 /* FeedCell.xib */ = {isa = PBXFileReference; fileEncoding = 4; lastKnownFileType = file.xib; name = FeedCell.xib; path = Controller/FeedCell.xib; sourceTree = "<group>"; };
		55EC54E6195160A5009494E4 /* FeedController.h */ = {isa = PBXFileReference; fileEncoding = 4; lastKnownFileType = sourcecode.c.h; name = FeedController.h; path = Controller/FeedController.h; sourceTree = "<group>"; };
		55EC54E7195160A5009494E4 /* FeedController.m */ = {isa = PBXFileReference; fileEncoding = 4; lastKnownFileType = sourcecode.c.objc; name = FeedController.m; path = Controller/FeedController.m; sourceTree = "<group>"; };
		55EC54EC195175BF009494E4 /* LoginController.h */ = {isa = PBXFileReference; fileEncoding = 4; lastKnownFileType = sourcecode.c.h; name = LoginController.h; path = Controller/LoginController.h; sourceTree = "<group>"; };
		55EC54ED195175BF009494E4 /* LoginController.m */ = {isa = PBXFileReference; fileEncoding = 4; lastKnownFileType = sourcecode.c.objc; name = LoginController.m; path = Controller/LoginController.m; sourceTree = "<group>"; };
		55EE37AF18B7057C002A121C /* TheSign.app */ = {isa = PBXFileReference; explicitFileType = wrapper.application; includeInIndex = 0; path = TheSign.app; sourceTree = BUILT_PRODUCTS_DIR; };
		55EE37B218B7057C002A121C /* Foundation.framework */ = {isa = PBXFileReference; lastKnownFileType = wrapper.framework; name = Foundation.framework; path = System/Library/Frameworks/Foundation.framework; sourceTree = SDKROOT; };
		55EE37B418B7057C002A121C /* CoreGraphics.framework */ = {isa = PBXFileReference; lastKnownFileType = wrapper.framework; name = CoreGraphics.framework; path = System/Library/Frameworks/CoreGraphics.framework; sourceTree = SDKROOT; };
		55EE37B618B7057C002A121C /* UIKit.framework */ = {isa = PBXFileReference; lastKnownFileType = wrapper.framework; name = UIKit.framework; path = System/Library/Frameworks/UIKit.framework; sourceTree = SDKROOT; };
		55EE37BA18B7057C002A121C /* TheSign-Info.plist */ = {isa = PBXFileReference; lastKnownFileType = text.plist.xml; path = "TheSign-Info.plist"; sourceTree = "<group>"; };
		55EE37BC18B7057C002A121C /* en */ = {isa = PBXFileReference; lastKnownFileType = text.plist.strings; name = en; path = en.lproj/InfoPlist.strings; sourceTree = "<group>"; };
		55EE37BE18B7057C002A121C /* main.m */ = {isa = PBXFileReference; lastKnownFileType = sourcecode.c.objc; path = main.m; sourceTree = "<group>"; };
		55EE37C018B7057C002A121C /* TheSign-Prefix.pch */ = {isa = PBXFileReference; lastKnownFileType = sourcecode.c.h; path = "TheSign-Prefix.pch"; sourceTree = "<group>"; };
		55EE37C118B7057C002A121C /* AppDelegate.h */ = {isa = PBXFileReference; lastKnownFileType = sourcecode.c.h; path = AppDelegate.h; sourceTree = "<group>"; };
		55EE37C218B7057C002A121C /* AppDelegate.m */ = {isa = PBXFileReference; lastKnownFileType = sourcecode.c.objc; path = AppDelegate.m; sourceTree = "<group>"; };
		55EE37C518B7057C002A121C /* Base */ = {isa = PBXFileReference; lastKnownFileType = file.storyboard; name = Base; path = Base.lproj/Main.storyboard; sourceTree = "<group>"; };
		55EE37CA18B7057C002A121C /* Images.xcassets */ = {isa = PBXFileReference; lastKnownFileType = folder.assetcatalog; path = Images.xcassets; sourceTree = "<group>"; };
		55EE37D018B7057C002A121C /* TheSignTests.xctest */ = {isa = PBXFileReference; explicitFileType = wrapper.cfbundle; includeInIndex = 0; path = TheSignTests.xctest; sourceTree = BUILT_PRODUCTS_DIR; };
		55EE37D118B7057C002A121C /* XCTest.framework */ = {isa = PBXFileReference; lastKnownFileType = wrapper.framework; name = XCTest.framework; path = Library/Frameworks/XCTest.framework; sourceTree = DEVELOPER_DIR; };
		55EE37D918B7057C002A121C /* TheSignTests-Info.plist */ = {isa = PBXFileReference; lastKnownFileType = text.plist.xml; path = "TheSignTests-Info.plist"; sourceTree = "<group>"; };
		55EE37DB18B7057C002A121C /* en */ = {isa = PBXFileReference; lastKnownFileType = text.plist.strings; name = en; path = en.lproj/InfoPlist.strings; sourceTree = "<group>"; };
		55EE37DD18B7057C002A121C /* TheSignTests.m */ = {isa = PBXFileReference; lastKnownFileType = sourcecode.c.objc; path = TheSignTests.m; sourceTree = "<group>"; };
		55EE37F418B88326002A121C /* SystemConfiguration.framework */ = {isa = PBXFileReference; lastKnownFileType = wrapper.framework; name = SystemConfiguration.framework; path = System/Library/Frameworks/SystemConfiguration.framework; sourceTree = SDKROOT; };
/* End PBXFileReference section */

/* Begin PBXFrameworksBuildPhase section */
		55EE37AC18B7057C002A121C /* Frameworks */ = {
			isa = PBXFrameworksBuildPhase;
			buildActionMask = 2147483647;
			files = (
				55C75A68194E86920051A0EF /* Accounts.framework in Frameworks */,
				55C75A66194E866B0051A0EF /* Social.framework in Frameworks */,
				55101D3E18D823ED0074B4D2 /* CoreData.framework in Frameworks */,
				028F57D018D670BB00372167 /* Parse.framework in Frameworks */,
				0283E2B618D66AB6007173FA /* CFNetwork.framework in Frameworks */,
				0283E2B918D66AB6007173FA /* MobileCoreServices.framework in Frameworks */,
				0283E2BB18D66AB6007173FA /* Security.framework in Frameworks */,
				55C75A64194E80440051A0EF /* FacebookSDK.framework in Frameworks */,
				55EE37F518B88326002A121C /* SystemConfiguration.framework in Frameworks */,
				55EE37B318B7057C002A121C /* Foundation.framework in Frameworks */,
			);
			runOnlyForDeploymentPostprocessing = 0;
		};
		55EE37CD18B7057C002A121C /* Frameworks */ = {
			isa = PBXFrameworksBuildPhase;
			buildActionMask = 2147483647;
			files = (
				55EE37D218B7057C002A121C /* XCTest.framework in Frameworks */,
				55EE37D418B7057C002A121C /* UIKit.framework in Frameworks */,
				028F57CF18D66FA300372167 /* Parse.framework in Frameworks */,
				55EE37D318B7057C002A121C /* Foundation.framework in Frameworks */,
			);
			runOnlyForDeploymentPostprocessing = 0;
		};
/* End PBXFrameworksBuildPhase section */

/* Begin PBXGroup section */
		553E4F4418C714D1004F8312 /* Controller */ = {
			isa = PBXGroup;
			children = (
				55EC54DF1950FD30009494E4 /* New UI */,
				55A5A070193FCE6400DDF688 /* TutorialViewController.h */,
				55A5A071193FCE6400DDF688 /* TutorialViewController.m */,
				55A5A06D193FCE2A00DDF688 /* WelcomeScreenViewController.h */,
				55A5A06E193FCE2A00DDF688 /* WelcomeScreenViewController.m */,
			);
			name = Controller;
			sourceTree = "<group>";
		};
		553E4F4518C71525004F8312 /* Model */ = {
			isa = PBXGroup;
			children = (
				55101D3A18D81ADE0074B4D2 /* SignModel.xcdatamodeld */,
				5575AAE919569EB400344313 /* Relevancy.h */,
				5575AAEA19569EB400344313 /* Relevancy.m */,
				5557BB1A1931C28700B256FF /* SignEntityProtocol.h */,
				550C80FA195371B700716D25 /* Like.h */,
				550C80FB195371B700716D25 /* Like.m */,
				550C80F7195371B700716D25 /* DiscoveredBusiness.h */,
				550C80F8195371B700716D25 /* DiscoveredBusiness.m */,
				5557BB2A1934588A00B256FF /* Parse */,
			);
			name = Model;
			sourceTree = "<group>";
		};
		5557BB2A1934588A00B256FF /* Parse */ = {
			isa = PBXGroup;
			children = (
				550C8100195371B700716D25 /* User.h */,
				550C8101195371B700716D25 /* User.m */,
				550C8103195371B700716D25 /* Business.h */,
				550C8104195371B700716D25 /* Business.m */,
				550C80F4195371B600716D25 /* Link.h */,
				550C80F5195371B600716D25 /* Link.m */,
				550C8106195371B700716D25 /* Featured.h */,
				550C8107195371B700716D25 /* Featured.m */,
				550C810F195371B700716D25 /* Tag.h */,
				550C8110195371B700716D25 /* Tag.m */,
				550C8109195371B700716D25 /* TagSet.h */,
				550C810A195371B700716D25 /* TagSet.m */,
				550C80FD195371B700716D25 /* TagConnection.h */,
				550C80FE195371B700716D25 /* TagConnection.m */,
				550C810C195371B700716D25 /* Statistics.h */,
				550C810D195371B700716D25 /* Statistics.m */,
				5557BB141931BB1D00B256FF /* TableTimestamp.h */,
				5557BB151931BB1D00B256FF /* TableTimestamp.m */,
			);
			name = Parse;
			sourceTree = "<group>";
		};
		559774431936B791008FDD45 /* View */ = {
			isa = PBXGroup;
			children = (
				55EE37C418B7057C002A121C /* Main.storyboard */,
			);
			name = View;
			sourceTree = "<group>";
		};
		559A426819529AE8007D0D66 /* First Run */ = {
			isa = PBXGroup;
			children = (
				55EC54EC195175BF009494E4 /* LoginController.h */,
				55EC54ED195175BF009494E4 /* LoginController.m */,
			);
			name = "First Run";
			sourceTree = "<group>";
		};
		559A426919529AF8007D0D66 /* Business List */ = {
			isa = PBXGroup;
			children = (
				559A426B19529B34007D0D66 /* BusinessListController.h */,
				559A426C19529B34007D0D66 /* BusinessListController.m */,
				55692CF31952A98200DE60F7 /* BusinessCell.h */,
				55692CF41952A98200DE60F7 /* BusinessCell.m */,
				55692CF51952A98200DE60F7 /* BusinessCell.xib */,
			);
			name = "Business List";
			sourceTree = "<group>";
		};
		559A426A19529B07007D0D66 /* Profile */ = {
			isa = PBXGroup;
			children = (
				559A427119529F46007D0D66 /* ProfileController.h */,
				559A427219529F46007D0D66 /* ProfileController.m */,
			);
			name = Profile;
			sourceTree = "<group>";
		};
		55A0ED6919535685001B7F26 /* Business Page */ = {
			isa = PBXGroup;
			children = (
			);
			name = "Business Page";
			sourceTree = "<group>";
		};
		55EC54DF1950FD30009494E4 /* New UI */ = {
			isa = PBXGroup;
			children = (
				55A0ED6919535685001B7F26 /* Business Page */,
				559A426A19529B07007D0D66 /* Profile */,
				559A426919529AF8007D0D66 /* Business List */,
				559A426819529AE8007D0D66 /* First Run */,
				55EC54E51950FE33009494E4 /* Feed */,
			);
			name = "New UI";
			sourceTree = "<group>";
		};
		55EC54E51950FE33009494E4 /* Feed */ = {
			isa = PBXGroup;
			children = (
				55EC54E01950FE16009494E4 /* FeedCell.h */,
				55EC54E11950FE16009494E4 /* FeedCell.m */,
				55EC54E21950FE16009494E4 /* FeedCell.xib */,
				55EC54E6195160A5009494E4 /* FeedController.h */,
				55EC54E7195160A5009494E4 /* FeedController.m */,
			);
			name = Feed;
			sourceTree = "<group>";
		};
		55EE37A618B7057C002A121C = {
			isa = PBXGroup;
			children = (
				55EE37B818B7057C002A121C /* TheSign */,
				55EE37D718B7057C002A121C /* TheSignTests */,
				55EE37B118B7057C002A121C /* Frameworks */,
				55EE37B018B7057C002A121C /* Products */,
			);
			sourceTree = "<group>";
		};
		55EE37B018B7057C002A121C /* Products */ = {
			isa = PBXGroup;
			children = (
				55EE37AF18B7057C002A121C /* TheSign.app */,
				55EE37D018B7057C002A121C /* TheSignTests.xctest */,
			);
			name = Products;
			sourceTree = "<group>";
		};
		55EE37B118B7057C002A121C /* Frameworks */ = {
			isa = PBXGroup;
			children = (
				55C75A67194E86920051A0EF /* Accounts.framework */,
				55C75A65194E866B0051A0EF /* Social.framework */,
				55C75A63194E80440051A0EF /* FacebookSDK.framework */,
				55101D3D18D823ED0074B4D2 /* CoreData.framework */,
				0283E2AD18D66AB6007173FA /* AudioToolbox.framework */,
				0283E2AE18D66AB6007173FA /* CFNetwork.framework */,
				0283E2AF18D66AB6007173FA /* CoreLocation.framework */,
				0283E2B018D66AB6007173FA /* libz.dylib */,
				0283E2B118D66AB6007173FA /* MobileCoreServices.framework */,
				0283E2B218D66AB6007173FA /* QuartzCore.framework */,
				0283E2B318D66AB6007173FA /* Security.framework */,
				0283E2AB18D6694B007173FA /* Parse.framework */,
				55EE37F418B88326002A121C /* SystemConfiguration.framework */,
				55EE37B218B7057C002A121C /* Foundation.framework */,
				55EE37B418B7057C002A121C /* CoreGraphics.framework */,
				55EE37B618B7057C002A121C /* UIKit.framework */,
				55EE37D118B7057C002A121C /* XCTest.framework */,
			);
			name = Frameworks;
			sourceTree = "<group>";
		};
		55EE37B818B7057C002A121C /* TheSign */ = {
			isa = PBXGroup;
			children = (
				55EE37C118B7057C002A121C /* AppDelegate.h */,
				55EE37C218B7057C002A121C /* AppDelegate.m */,
				55B746E918DCAECA00F61354 /* Model.h */,
				55B746EA18DCAECA00F61354 /* Model.m */,
				55E15FE1191A062B00A8B826 /* InsightEngine.h */,
				55E15FE2191A062B00A8B826 /* InsightEngine.m */,
				55B4AFF8193A484400C5A71B /* CustomScrollView.h */,
				55B4AFF9193A484400C5A71B /* CustomScrollView.m */,
				553E4F4418C714D1004F8312 /* Controller */,
				553E4F4518C71525004F8312 /* Model */,
				559774431936B791008FDD45 /* View */,
				55EE37CA18B7057C002A121C /* Images.xcassets */,
				55EE37B918B7057C002A121C /* Supporting Files */,
			);
			path = TheSign;
			sourceTree = "<group>";
		};
		55EE37B918B7057C002A121C /* Supporting Files */ = {
			isa = PBXGroup;
			children = (
				55EE37BA18B7057C002A121C /* TheSign-Info.plist */,
				55EE37BB18B7057C002A121C /* InfoPlist.strings */,
				55EE37BE18B7057C002A121C /* main.m */,
				55EE37C018B7057C002A121C /* TheSign-Prefix.pch */,
			);
			name = "Supporting Files";
			sourceTree = "<group>";
		};
		55EE37D718B7057C002A121C /* TheSignTests */ = {
			isa = PBXGroup;
			children = (
				55EE37DD18B7057C002A121C /* TheSignTests.m */,
				55EE37D818B7057C002A121C /* Supporting Files */,
			);
			path = TheSignTests;
			sourceTree = "<group>";
		};
		55EE37D818B7057C002A121C /* Supporting Files */ = {
			isa = PBXGroup;
			children = (
				55EE37D918B7057C002A121C /* TheSignTests-Info.plist */,
				55EE37DA18B7057C002A121C /* InfoPlist.strings */,
			);
			name = "Supporting Files";
			sourceTree = "<group>";
		};
/* End PBXGroup section */

/* Begin PBXNativeTarget section */
		55EE37AE18B7057C002A121C /* TheSign */ = {
			isa = PBXNativeTarget;
			buildConfigurationList = 55EE37E118B7057C002A121C /* Build configuration list for PBXNativeTarget "TheSign" */;
			buildPhases = (
				55EE37AB18B7057C002A121C /* Sources */,
				55EE37AC18B7057C002A121C /* Frameworks */,
				55EE37AD18B7057C002A121C /* Resources */,
			);
			buildRules = (
			);
			dependencies = (
			);
			name = TheSign;
			productName = TheSign;
			productReference = 55EE37AF18B7057C002A121C /* TheSign.app */;
			productType = "com.apple.product-type.application";
		};
		55EE37CF18B7057C002A121C /* TheSignTests */ = {
			isa = PBXNativeTarget;
			buildConfigurationList = 55EE37E418B7057C002A121C /* Build configuration list for PBXNativeTarget "TheSignTests" */;
			buildPhases = (
				55EE37CC18B7057C002A121C /* Sources */,
				55EE37CD18B7057C002A121C /* Frameworks */,
				55EE37CE18B7057C002A121C /* Resources */,
			);
			buildRules = (
			);
			dependencies = (
				55EE37D618B7057C002A121C /* PBXTargetDependency */,
			);
			name = TheSignTests;
			productName = TheSignTests;
			productReference = 55EE37D018B7057C002A121C /* TheSignTests.xctest */;
			productType = "com.apple.product-type.bundle.unit-test";
		};
/* End PBXNativeTarget section */

/* Begin PBXProject section */
		55EE37A718B7057C002A121C /* Project object */ = {
			isa = PBXProject;
			attributes = {
				LastUpgradeCheck = 0510;
				ORGANIZATIONNAME = "Andrey Chudnovskiy";
				TargetAttributes = {
					55EE37AE18B7057C002A121C = {
						DevelopmentTeam = ZCEYGPU8ZJ;
						SystemCapabilities = {
							com.apple.BackgroundModes = {
								enabled = 1;
							};
							com.apple.InAppPurchase = {
								enabled = 0;
							};
						};
					};
					55EE37CF18B7057C002A121C = {
						TestTargetID = 55EE37AE18B7057C002A121C;
					};
				};
			};
			buildConfigurationList = 55EE37AA18B7057C002A121C /* Build configuration list for PBXProject "TheSign" */;
			compatibilityVersion = "Xcode 3.2";
			developmentRegion = English;
			hasScannedForEncodings = 0;
			knownRegions = (
				en,
				Base,
			);
			mainGroup = 55EE37A618B7057C002A121C;
			productRefGroup = 55EE37B018B7057C002A121C /* Products */;
			projectDirPath = "";
			projectRoot = "";
			targets = (
				55EE37AE18B7057C002A121C /* TheSign */,
				55EE37CF18B7057C002A121C /* TheSignTests */,
			);
		};
/* End PBXProject section */

/* Begin PBXResourcesBuildPhase section */
		55EE37AD18B7057C002A121C /* Resources */ = {
			isa = PBXResourcesBuildPhase;
			buildActionMask = 2147483647;
			files = (
				55692CF71952A98200DE60F7 /* BusinessCell.xib in Resources */,
				55EE37CB18B7057C002A121C /* Images.xcassets in Resources */,
				55EC54E41950FE16009494E4 /* FeedCell.xib in Resources */,
				55EE37BD18B7057C002A121C /* InfoPlist.strings in Resources */,
				55EE37C618B7057C002A121C /* Main.storyboard in Resources */,
			);
			runOnlyForDeploymentPostprocessing = 0;
		};
		55EE37CE18B7057C002A121C /* Resources */ = {
			isa = PBXResourcesBuildPhase;
			buildActionMask = 2147483647;
			files = (
				55EE37DC18B7057C002A121C /* InfoPlist.strings in Resources */,
			);
			runOnlyForDeploymentPostprocessing = 0;
		};
/* End PBXResourcesBuildPhase section */

/* Begin PBXSourcesBuildPhase section */
		55EE37AB18B7057C002A121C /* Sources */ = {
			isa = PBXSourcesBuildPhase;
			buildActionMask = 2147483647;
			files = (
				550C8102195371B700716D25 /* User.m in Sources */,
				550C810B195371B700716D25 /* TagSet.m in Sources */,
				55EE37C318B7057C002A121C /* AppDelegate.m in Sources */,
				55692CF61952A98200DE60F7 /* BusinessCell.m in Sources */,
				55101D3C18D81ADE0074B4D2 /* SignModel.xcdatamodeld in Sources */,
				55B4AFFA193A484400C5A71B /* CustomScrollView.m in Sources */,
				5557BB161931BB1D00B256FF /* TableTimestamp.m in Sources */,
				55B746EB18DCAECA00F61354 /* Model.m in Sources */,
				55A5A072193FCE6400DDF688 /* TutorialViewController.m in Sources */,
				550C80F9195371B700716D25 /* DiscoveredBusiness.m in Sources */,
				55EC54E8195160A5009494E4 /* FeedController.m in Sources */,
				559A427319529F46007D0D66 /* ProfileController.m in Sources */,
				55EC54E31950FE16009494E4 /* FeedCell.m in Sources */,
				550C8105195371B700716D25 /* Business.m in Sources */,
				550C810E195371B700716D25 /* Statistics.m in Sources */,
				559A426D19529B34007D0D66 /* BusinessListController.m in Sources */,
				55A5A06F193FCE2A00DDF688 /* WelcomeScreenViewController.m in Sources */,
				55E15FE3191A062B00A8B826 /* InsightEngine.m in Sources */,
				550C80FC195371B700716D25 /* Like.m in Sources */,
				550C8108195371B700716D25 /* Featured.m in Sources */,
				550C80F6195371B600716D25 /* Link.m in Sources */,
				55EC54EE195175BF009494E4 /* LoginController.m in Sources */,
				550C8111195371B700716D25 /* Tag.m in Sources */,
				5575AAEB19569EB400344313 /* Relevancy.m in Sources */,
				55EE37BF18B7057C002A121C /* main.m in Sources */,
				550C80FF195371B700716D25 /* TagConnection.m in Sources */,
			);
			runOnlyForDeploymentPostprocessing = 0;
		};
		55EE37CC18B7057C002A121C /* Sources */ = {
			isa = PBXSourcesBuildPhase;
			buildActionMask = 2147483647;
			files = (
				55EE37DE18B7057C002A121C /* TheSignTests.m in Sources */,
			);
			runOnlyForDeploymentPostprocessing = 0;
		};
/* End PBXSourcesBuildPhase section */

/* Begin PBXTargetDependency section */
		55EE37D618B7057C002A121C /* PBXTargetDependency */ = {
			isa = PBXTargetDependency;
			target = 55EE37AE18B7057C002A121C /* TheSign */;
			targetProxy = 55EE37D518B7057C002A121C /* PBXContainerItemProxy */;
		};
/* End PBXTargetDependency section */

/* Begin PBXVariantGroup section */
		55EE37BB18B7057C002A121C /* InfoPlist.strings */ = {
			isa = PBXVariantGroup;
			children = (
				55EE37BC18B7057C002A121C /* en */,
			);
			name = InfoPlist.strings;
			sourceTree = "<group>";
		};
		55EE37C418B7057C002A121C /* Main.storyboard */ = {
			isa = PBXVariantGroup;
			children = (
				55EE37C518B7057C002A121C /* Base */,
			);
			name = Main.storyboard;
			sourceTree = "<group>";
		};
		55EE37DA18B7057C002A121C /* InfoPlist.strings */ = {
			isa = PBXVariantGroup;
			children = (
				55EE37DB18B7057C002A121C /* en */,
			);
			name = InfoPlist.strings;
			sourceTree = "<group>";
		};
/* End PBXVariantGroup section */

/* Begin XCBuildConfiguration section */
		55EE37DF18B7057C002A121C /* Debug */ = {
			isa = XCBuildConfiguration;
			buildSettings = {
				ALWAYS_SEARCH_USER_PATHS = NO;
				CLANG_CXX_LANGUAGE_STANDARD = "gnu++0x";
				CLANG_CXX_LIBRARY = "libc++";
				CLANG_ENABLE_MODULES = YES;
				CLANG_ENABLE_OBJC_ARC = YES;
				CLANG_WARN_BOOL_CONVERSION = YES;
				CLANG_WARN_CONSTANT_CONVERSION = YES;
				CLANG_WARN_DIRECT_OBJC_ISA_USAGE = YES_ERROR;
				CLANG_WARN_EMPTY_BODY = YES;
				CLANG_WARN_ENUM_CONVERSION = YES;
				CLANG_WARN_INT_CONVERSION = YES;
				CLANG_WARN_OBJC_ROOT_CLASS = YES_ERROR;
				CLANG_WARN__DUPLICATE_METHOD_MATCH = YES;
				"CODE_SIGN_IDENTITY[sdk=iphoneos*]" = "iPhone Developer";
				COPY_PHASE_STRIP = NO;
				GCC_C_LANGUAGE_STANDARD = gnu99;
				GCC_DYNAMIC_NO_PIC = NO;
				GCC_OPTIMIZATION_LEVEL = 0;
				GCC_PREPROCESSOR_DEFINITIONS = (
					"DEBUG=1",
					"$(inherited)",
				);
				GCC_SYMBOLS_PRIVATE_EXTERN = NO;
				GCC_WARN_64_TO_32_BIT_CONVERSION = YES;
				GCC_WARN_ABOUT_RETURN_TYPE = YES_ERROR;
				GCC_WARN_UNINITIALIZED_AUTOS = YES;
				GCC_WARN_UNUSED_FUNCTION = YES;
				GCC_WARN_UNUSED_VARIABLE = YES;
				IPHONEOS_DEPLOYMENT_TARGET = 7.0;
				ONLY_ACTIVE_ARCH = YES;
				SDKROOT = iphoneos;
			};
			name = Debug;
		};
		55EE37E018B7057C002A121C /* Release */ = {
			isa = XCBuildConfiguration;
			buildSettings = {
				ALWAYS_SEARCH_USER_PATHS = NO;
				CLANG_CXX_LANGUAGE_STANDARD = "gnu++0x";
				CLANG_CXX_LIBRARY = "libc++";
				CLANG_ENABLE_MODULES = YES;
				CLANG_ENABLE_OBJC_ARC = YES;
				CLANG_WARN_BOOL_CONVERSION = YES;
				CLANG_WARN_CONSTANT_CONVERSION = YES;
				CLANG_WARN_DIRECT_OBJC_ISA_USAGE = YES_ERROR;
				CLANG_WARN_EMPTY_BODY = YES;
				CLANG_WARN_ENUM_CONVERSION = YES;
				CLANG_WARN_INT_CONVERSION = YES;
				CLANG_WARN_OBJC_ROOT_CLASS = YES_ERROR;
				CLANG_WARN__DUPLICATE_METHOD_MATCH = YES;
				"CODE_SIGN_IDENTITY[sdk=iphoneos*]" = "iPhone Developer";
				COPY_PHASE_STRIP = YES;
				ENABLE_NS_ASSERTIONS = NO;
				GCC_C_LANGUAGE_STANDARD = gnu99;
				GCC_WARN_64_TO_32_BIT_CONVERSION = YES;
				GCC_WARN_ABOUT_RETURN_TYPE = YES_ERROR;
				GCC_WARN_UNINITIALIZED_AUTOS = YES;
				GCC_WARN_UNUSED_FUNCTION = YES;
				GCC_WARN_UNUSED_VARIABLE = YES;
				IPHONEOS_DEPLOYMENT_TARGET = 7.0;
				SDKROOT = iphoneos;
				VALIDATE_PRODUCT = YES;
			};
			name = Release;
		};
		55EE37E218B7057C002A121C /* Debug */ = {
			isa = XCBuildConfiguration;
			buildSettings = {
				ASSETCATALOG_COMPILER_APPICON_NAME = AppIcon;
				ASSETCATALOG_COMPILER_LAUNCHIMAGE_NAME = LaunchImage;
				CODE_SIGN_IDENTITY = "iPhone Developer";
				"CODE_SIGN_IDENTITY[sdk=iphoneos*]" = "iPhone Developer";
				FRAMEWORK_SEARCH_PATHS = (
					"$(inherited)",
					"$(PROJECT_DIR)/TheSign/Frameworks",
				);
				GCC_PRECOMPILE_PREFIX_HEADER = YES;
				GCC_PREFIX_HEADER = "TheSign/TheSign-Prefix.pch";
				INFOPLIST_FILE = "TheSign/TheSign-Info.plist";
				IPHONEOS_DEPLOYMENT_TARGET = 7.0;
				PRODUCT_NAME = "$(TARGET_NAME)";
				PROVISIONING_PROFILE = "";
				USER_HEADER_SEARCH_PATHS = "";
				"USER_HEADER_SEARCH_PATHS[arch=*]" = "";
				WRAPPER_EXTENSION = app;
			};
			name = Debug;
		};
		55EE37E318B7057C002A121C /* Release */ = {
			isa = XCBuildConfiguration;
			buildSettings = {
				ASSETCATALOG_COMPILER_APPICON_NAME = AppIcon;
				ASSETCATALOG_COMPILER_LAUNCHIMAGE_NAME = LaunchImage;
				CODE_SIGN_IDENTITY = "iPhone Developer";
				"CODE_SIGN_IDENTITY[sdk=iphoneos*]" = "iPhone Developer";
				FRAMEWORK_SEARCH_PATHS = (
					"$(inherited)",
					"$(PROJECT_DIR)/TheSign/Frameworks",
				);
				GCC_PRECOMPILE_PREFIX_HEADER = YES;
				GCC_PREFIX_HEADER = "TheSign/TheSign-Prefix.pch";
				INFOPLIST_FILE = "TheSign/TheSign-Info.plist";
				IPHONEOS_DEPLOYMENT_TARGET = 7.0;
				PRODUCT_NAME = "$(TARGET_NAME)";
				PROVISIONING_PROFILE = "";
				USER_HEADER_SEARCH_PATHS = "";
				WRAPPER_EXTENSION = app;
			};
			name = Release;
		};
		55EE37E518B7057C002A121C /* Debug */ = {
			isa = XCBuildConfiguration;
			buildSettings = {
				BUNDLE_LOADER = "$(BUILT_PRODUCTS_DIR)/TheSign.app/TheSign";
				FRAMEWORK_SEARCH_PATHS = (
					"$(SDKROOT)/Developer/Library/Frameworks",
					"$(inherited)",
					"$(DEVELOPER_FRAMEWORKS_DIR)",
					"$(PROJECT_DIR)/TheSign/Frameworks",
				);
				GCC_PRECOMPILE_PREFIX_HEADER = YES;
				GCC_PREFIX_HEADER = "TheSign/TheSign-Prefix.pch";
				GCC_PREPROCESSOR_DEFINITIONS = (
					"DEBUG=1",
					"$(inherited)",
				);
				INFOPLIST_FILE = "TheSignTests/TheSignTests-Info.plist";
				PRODUCT_NAME = "$(TARGET_NAME)";
				TEST_HOST = "$(BUNDLE_LOADER)";
				WRAPPER_EXTENSION = xctest;
			};
			name = Debug;
		};
		55EE37E618B7057C002A121C /* Release */ = {
			isa = XCBuildConfiguration;
			buildSettings = {
				BUNDLE_LOADER = "$(BUILT_PRODUCTS_DIR)/TheSign.app/TheSign";
				FRAMEWORK_SEARCH_PATHS = (
					"$(SDKROOT)/Developer/Library/Frameworks",
					"$(inherited)",
					"$(DEVELOPER_FRAMEWORKS_DIR)",
					"$(PROJECT_DIR)/TheSign/Frameworks",
				);
				GCC_PRECOMPILE_PREFIX_HEADER = YES;
				GCC_PREFIX_HEADER = "TheSign/TheSign-Prefix.pch";
				INFOPLIST_FILE = "TheSignTests/TheSignTests-Info.plist";
				PRODUCT_NAME = "$(TARGET_NAME)";
				TEST_HOST = "$(BUNDLE_LOADER)";
				WRAPPER_EXTENSION = xctest;
			};
			name = Release;
		};
/* End XCBuildConfiguration section */

/* Begin XCConfigurationList section */
		55EE37AA18B7057C002A121C /* Build configuration list for PBXProject "TheSign" */ = {
			isa = XCConfigurationList;
			buildConfigurations = (
				55EE37DF18B7057C002A121C /* Debug */,
				55EE37E018B7057C002A121C /* Release */,
			);
			defaultConfigurationIsVisible = 0;
			defaultConfigurationName = Release;
		};
		55EE37E118B7057C002A121C /* Build configuration list for PBXNativeTarget "TheSign" */ = {
			isa = XCConfigurationList;
			buildConfigurations = (
				55EE37E218B7057C002A121C /* Debug */,
				55EE37E318B7057C002A121C /* Release */,
			);
			defaultConfigurationIsVisible = 0;
			defaultConfigurationName = Release;
		};
		55EE37E418B7057C002A121C /* Build configuration list for PBXNativeTarget "TheSignTests" */ = {
			isa = XCConfigurationList;
			buildConfigurations = (
				55EE37E518B7057C002A121C /* Debug */,
				55EE37E618B7057C002A121C /* Release */,
			);
			defaultConfigurationIsVisible = 0;
			defaultConfigurationName = Release;
		};
/* End XCConfigurationList section */

/* Begin XCVersionGroup section */
		55101D3A18D81ADE0074B4D2 /* SignModel.xcdatamodeld */ = {
			isa = XCVersionGroup;
			children = (
				55101D3B18D81ADE0074B4D2 /* SignModel.xcdatamodel */,
			);
			currentVersion = 55101D3B18D81ADE0074B4D2 /* SignModel.xcdatamodel */;
			path = SignModel.xcdatamodeld;
			sourceTree = "<group>";
			versionGroupType = wrapper.xcdatamodel;
		};
/* End XCVersionGroup section */
	};
	rootObject = 55EE37A718B7057C002A121C /* Project object */;
}
